
Microsoft Visual Studio Solution File, Format Version 12.00
# Visual Studio Version 17
VisualStudioVersion = 17.5.33502.453
MinimumVisualStudioVersion = 10.0.40219.1
Project("{9A19103F-16F7-4668-BE54-9A1E7A4F7556}") = "TaskProject", "TaskProject.csproj", "{65B11120-A3EB-4396-B617-F634AB0A9E58}"
EndProject
Global
	GlobalSection(SolutionConfigurationPlatforms) = preSolution
		Debug|Any CPU = Debug|Any CPU
		Release|Any CPU = Release|Any CPU
	EndGlobalSection
	GlobalSection(ProjectConfigurationPlatforms) = postSolution
		{65B11120-A3EB-4396-B617-F634AB0A9E58}.Debug|Any CPU.ActiveCfg = Debug|Any CPU
		{65B11120-A3EB-4396-B617-F634AB0A9E58}.Debug|Any CPU.Build.0 = Debug|Any CPU
		{65B11120-A3EB-4396-B617-F634AB0A9E58}.Release|Any CPU.ActiveCfg = Release|Any CPU
		{65B11120-A3EB-4396-B617-F634AB0A9E58}.Release|Any CPU.Build.0 = Release|Any CPU
	EndGlobalSection
	GlobalSection(SolutionProperties) = preSolution
		HideSolutionNode = FALSE
	EndGlobalSection
	GlobalSection(ExtensibilityGlobals) = postSolution
		SolutionGuid = {354DBD38-BD8D-41A7-B14B-0538737354E6}
	EndGlobalSection
EndGlobal
